
Microsoft Visual Studio Solution File, Format Version 12.00
# Visual Studio Version 16
VisualStudioVersion = 16.0.32228.343
MinimumVisualStudioVersion = 10.0.40219.1
Project("{9A19103F-16F7-4668-BE54-9A1E7A4F7556}") = "congestion-tax-calculator-net-core", "netcore\congestion-tax-calculator-net-core.csproj", "{65C3A242-718C-4BCA-A67C-1E38B62D9962}"
EndProject
Project("{9A19103F-16F7-4668-BE54-9A1E7A4F7556}") = "TaxCalculator.API", "TaxCalculator.API\TaxCalculator.API.csproj", "{20F56C12-73C4-490A-A7B6-0B9196CA24F1}"
EndProject
Project("{9A19103F-16F7-4668-BE54-9A1E7A4F7556}") = "TaxCalculator.Domain", "TaxCalculator.Domain\TaxCalculator.Domain.csproj", "{5E06897A-0607-4635-935F-5A3EE9A5904D}"
EndProject
Project("{9A19103F-16F7-4668-BE54-9A1E7A4F7556}") = "TaxCalculator.Infrastructure", "TaxCalculator.Infrastructure\TaxCalculator.Infrastructure.csproj", "{8CC51E1C-CCFD-443A-BD33-BA55578A2B5A}"
EndProject
Project("{2150E333-8FDC-42A3-9474-1A3956D46DE8}") = "Solution Items", "Solution Items", "{BD4E6AF2-B8D0-42BE-986D-9238821839DB}"
	ProjectSection(SolutionItems) = preProject
		.editorconfig = .editorconfig
		ASSIGNMENT.md = ASSIGNMENT.md
		NOTE.md = NOTE.md
		README.md = README.md
	EndProjectSection
EndProject
Global
	GlobalSection(SolutionConfigurationPlatforms) = preSolution
		Debug|Any CPU = Debug|Any CPU
		Release|Any CPU = Release|Any CPU
	EndGlobalSection
	GlobalSection(ProjectConfigurationPlatforms) = postSolution
		{65C3A242-718C-4BCA-A67C-1E38B62D9962}.Debug|Any CPU.ActiveCfg = Debug|Any CPU
		{65C3A242-718C-4BCA-A67C-1E38B62D9962}.Debug|Any CPU.Build.0 = Debug|Any CPU
		{65C3A242-718C-4BCA-A67C-1E38B62D9962}.Release|Any CPU.ActiveCfg = Release|Any CPU
		{65C3A242-718C-4BCA-A67C-1E38B62D9962}.Release|Any CPU.Build.0 = Release|Any CPU
		{20F56C12-73C4-490A-A7B6-0B9196CA24F1}.Debug|Any CPU.ActiveCfg = Debug|Any CPU
		{20F56C12-73C4-490A-A7B6-0B9196CA24F1}.Debug|Any CPU.Build.0 = Debug|Any CPU
		{20F56C12-73C4-490A-A7B6-0B9196CA24F1}.Release|Any CPU.ActiveCfg = Release|Any CPU
		{20F56C12-73C4-490A-A7B6-0B9196CA24F1}.Release|Any CPU.Build.0 = Release|Any CPU
		{5E06897A-0607-4635-935F-5A3EE9A5904D}.Debug|Any CPU.ActiveCfg = Debug|Any CPU
		{5E06897A-0607-4635-935F-5A3EE9A5904D}.Debug|Any CPU.Build.0 = Debug|Any CPU
		{5E06897A-0607-4635-935F-5A3EE9A5904D}.Release|Any CPU.ActiveCfg = Release|Any CPU
		{5E06897A-0607-4635-935F-5A3EE9A5904D}.Release|Any CPU.Build.0 = Release|Any CPU
		{8CC51E1C-CCFD-443A-BD33-BA55578A2B5A}.Debug|Any CPU.ActiveCfg = Debug|Any CPU
		{8CC51E1C-CCFD-443A-BD33-BA55578A2B5A}.Debug|Any CPU.Build.0 = Debug|Any CPU
		{8CC51E1C-CCFD-443A-BD33-BA55578A2B5A}.Release|Any CPU.ActiveCfg = Release|Any CPU
		{8CC51E1C-CCFD-443A-BD33-BA55578A2B5A}.Release|Any CPU.Build.0 = Release|Any CPU
	EndGlobalSection
	GlobalSection(SolutionProperties) = preSolution
		HideSolutionNode = FALSE
	EndGlobalSection
	GlobalSection(ExtensibilityGlobals) = postSolution
		SolutionGuid = {727046AB-529F-46D7-A21C-339AA5127620}
	EndGlobalSection
EndGlobal
